# This file is autogenerated, do not edit; changes may be undone by the next 'dep ensure'.


[[projects]]
  digest = "1:2ac76f33cdfee7ed290495dfd93a29b3c353341017a5e7c1b7ff962924d4b41a"
  name = "github.com/antonfisher/nested-logrus-formatter"
  packages = ["."]
  pruneopts = ""
  revision = "ab9dbe7e28dfce0c656a609ff557842e01a89a71"
  version = "v1.0.3"

[[projects]]
  digest = "1:7df5a9695a743c3e1626b28bb8741602c8c15527e1efaeaec48ab2ff9a23f74c"
  name = "github.com/joho/godotenv"
  packages = ["."]
  pruneopts = ""
  revision = "23d116af351c84513e1946b527c88823e476be13"
  version = "v1.3.0"

[[projects]]
  digest = "1:0f51cee70b0d254dbc93c22666ea2abf211af81c1701a96d04e2284b408621db"
  name = "github.com/konsorten/go-windows-terminal-sequences"
  packages = ["."]
  pruneopts = ""
  revision = "f55edac94c9bbba5d6182a4be46d86a2c9b5b50e"
  version = "v1.0.2"

[[projects]]
  digest = "1:5907d0ddc26b262088060c6d0fbfd1d07088e71b476dc16d26780c8e335bf088"
  name = "github.com/sirupsen/logrus"
  packages = ["."]
  pruneopts = ""
  revision = "d417be0fe654de640a82370515129985b407c7e3"
  version = "v1.5.0"

[[projects]]
  branch = "master"
  digest = "1:302602fcab149fcabe87033154a17eed8b94a1c410bbf5fc752c1c4bf522be8f"
  name = "golang.org/x/sys"
  packages = ["unix"]
  pruneopts = ""
  revision = "c3d80250170dec19bf61949c81233cede5ddaf61"

[solve-meta]
  analyzer-name = "dep"
  analyzer-version = 1
  input-imports = [
    "github.com/antonfisher/nested-logrus-formatter",
    "github.com/joho/godotenv",
  ]
  solver-name = "gps-cdcl"
  solver-version = 1
